// !$*UTF8*$!
{
	archiveVersion = 1;
	classes = {
	};
	objectVersion = 46;
	objects = {

/* Begin PBXBuildFile section */
		5C448A041B16DB78001DBE6C /* AppDelegate.swift in Sources */ = {isa = PBXBuildFile; fileRef = 5C448A031B16DB78001DBE6C /* AppDelegate.swift */; };
		5C448A061B16DB78001DBE6C /* ViewController.swift in Sources */ = {isa = PBXBuildFile; fileRef = 5C448A051B16DB78001DBE6C /* ViewController.swift */; };
		5C448A091B16DB78001DBE6C /* Main.storyboard in Resources */ = {isa = PBXBuildFile; fileRef = 5C448A071B16DB78001DBE6C /* Main.storyboard */; };
		5C448A0B1B16DB78001DBE6C /* Images.xcassets in Resources */ = {isa = PBXBuildFile; fileRef = 5C448A0A1B16DB78001DBE6C /* Images.xcassets */; };
		5C448A0E1B16DB78001DBE6C /* LaunchScreen.xib in Resources */ = {isa = PBXBuildFile; fileRef = 5C448A0C1B16DB78001DBE6C /* LaunchScreen.xib */; };
		5C448A1A1B16DB78001DBE6C /* SearchBrowserTests.swift in Sources */ = {isa = PBXBuildFile; fileRef = 5C448A191B16DB78001DBE6C /* SearchBrowserTests.swift */; };
/* End PBXBuildFile section */

/* Begin PBXContainerItemProxy section */
		5C448A141B16DB78001DBE6C /* PBXContainerItemProxy */ = {
			isa = PBXContainerItemProxy;
			containerPortal = 5C4489F61B16DB78001DBE6C /* Project object */;
			proxyType = 1;
			remoteGlobalIDString = 5C4489FD1B16DB78001DBE6C;
			remoteInfo = SearchBrowser;
		};
/* End PBXContainerItemProxy section */

/* Begin PBXFileReference section */
		5C4489FE1B16DB78001DBE6C /* SearchBrowser.app */ = {isa = PBXFileReference; explicitFileType = wrapper.application; includeInIndex = 0; path = SearchBrowser.app; sourceTree = BUILT_PRODUCTS_DIR; };
		5C448A021B16DB78001DBE6C /* Info.plist */ = {isa = PBXFileReference; lastKnownFileType = text.plist.xml; path = Info.plist; sourceTree = "<group>"; };
		5C448A031B16DB78001DBE6C /* AppDelegate.swift */ = {isa = PBXFileReference; lastKnownFileType = sourcecode.swift; path = AppDelegate.swift; sourceTree = "<group>"; };
		5C448A051B16DB78001DBE6C /* ViewController.swift */ = {isa = PBXFileReference; lastKnownFileType = sourcecode.swift; path = ViewController.swift; sourceTree = "<group>"; };
		5C448A081B16DB78001DBE6C /* Base */ = {isa = PBXFileReference; lastKnownFileType = file.storyboard; name = Base; path = Base.lproj/Main.storyboard; sourceTree = "<group>"; };
		5C448A0A1B16DB78001DBE6C /* Images.xcassets */ = {isa = PBXFileReference; lastKnownFileType = folder.assetcatalog; path = Images.xcassets; sourceTree = "<group>"; };
		5C448A0D1B16DB78001DBE6C /* Base */ = {isa = PBXFileReference; lastKnownFileType = file.xib; name = Base; path = Base.lproj/LaunchScreen.xib; sourceTree = "<group>"; };
		5C448A131B16DB78001DBE6C /* SearchBrowserTests.xctest */ = {isa = PBXFileReference; explicitFileType = wrapper.cfbundle; includeInIndex = 0; path = SearchBrowserTests.xctest; sourceTree = BUILT_PRODUCTS_DIR; };
		5C448A181B16DB78001DBE6C /* Info.plist */ = {isa = PBXFileReference; lastKnownFileType = text.plist.xml; path = Info.plist; sourceTree = "<group>"; };
		5C448A191B16DB78001DBE6C /* SearchBrowserTests.swift */ = {isa = PBXFileReference; lastKnownFileType = sourcecode.swift; path = SearchBrowserTests.swift; sourceTree = "<group>"; };
/* End PBXFileReference section */

/* Begin PBXFrameworksBuildPhase section */
		5C4489FB1B16DB78001DBE6C /* Frameworks */ = {
			isa = PBXFrameworksBuildPhase;
			buildActionMask = 2147483647;
			files = (
			);
			runOnlyForDeploymentPostprocessing = 0;
		};
		5C448A101B16DB78001DBE6C /* Frameworks */ = {
			isa = PBXFrameworksBuildPhase;
			buildActionMask = 2147483647;
			files = (
			);
			runOnlyForDeploymentPostprocessing = 0;
		};
/* End PBXFrameworksBuildPhase section */

/* Begin PBXGroup section */
		5C4489F51B16DB78001DBE6C = {
			isa = PBXGroup;
			children = (
				5C448A001B16DB78001DBE6C /* SearchBrowser */,
				5C448A161B16DB78001DBE6C /* SearchBrowserTests */,
				5C4489FF1B16DB78001DBE6C /* Products */,
			);
			sourceTree = "<group>";
		};
		5C4489FF1B16DB78001DBE6C /* Products */ = {
			isa = PBXGroup;
			children = (
				5C4489FE1B16DB78001DBE6C /* SearchBrowser.app */,
				5C448A131B16DB78001DBE6C /* SearchBrowserTests.xctest */,
			);
			name = Products;
			sourceTree = "<group>";
		};
		5C448A001B16DB78001DBE6C /* SearchBrowser */ = {
			isa = PBXGroup;
			children = (
				5C448A031B16DB78001DBE6C /* AppDelegate.swift */,
				5C448A051B16DB78001DBE6C /* ViewController.swift */,
				5C448A071B16DB78001DBE6C /* Main.storyboard */,
				5C448A0A1B16DB78001DBE6C /* Images.xcassets */,
				5C448A0C1B16DB78001DBE6C /* LaunchScreen.xib */,
				5C448A011B16DB78001DBE6C /* Supporting Files */,
			);
			path = SearchBrowser;
			sourceTree = "<group>";
		};
		5C448A011B16DB78001DBE6C /* Supporting Files */ = {
			isa = PBXGroup;
			children = (
				5C448A021B16DB78001DBE6C /* Info.plist */,
			);
			name = "Supporting Files";
			sourceTree = "<group>";
		};
		5C448A161B16DB78001DBE6C /* SearchBrowserTests */ = {
			isa = PBXGroup;
			children = (
				5C448A191B16DB78001DBE6C /* SearchBrowserTests.swift */,
				5C448A171B16DB78001DBE6C /* Supporting Files */,
			);
			path = SearchBrowserTests;
			sourceTree = "<group>";
		};
		5C448A171B16DB78001DBE6C /* Supporting Files */ = {
			isa = PBXGroup;
			children = (
				5C448A181B16DB78001DBE6C /* Info.plist */,
			);
			name = "Supporting Files";
			sourceTree = "<group>";
		};
/* End PBXGroup section */

/* Begin PBXNativeTarget section */
		5C4489FD1B16DB78001DBE6C /* SearchBrowser */ = {
			isa = PBXNativeTarget;
			buildConfigurationList = 5C448A1D1B16DB78001DBE6C /* Build configuration list for PBXNativeTarget "SearchBrowser" */;
			buildPhases = (
				5C4489FA1B16DB78001DBE6C /* Sources */,
				5C4489FB1B16DB78001DBE6C /* Frameworks */,
				5C4489FC1B16DB78001DBE6C /* Resources */,
			);
			buildRules = (
			);
			dependencies = (
			);
			name = SearchBrowser;
			productName = SearchBrowser;
			productReference = 5C4489FE1B16DB78001DBE6C /* SearchBrowser.app */;
			productType = "com.apple.product-type.application";
		};
		5C448A121B16DB78001DBE6C /* SearchBrowserTests */ = {
			isa = PBXNativeTarget;
			buildConfigurationList = 5C448A201B16DB78001DBE6C /* Build configuration list for PBXNativeTarget "SearchBrowserTests" */;
			buildPhases = (
				5C448A0F1B16DB78001DBE6C /* Sources */,
				5C448A101B16DB78001DBE6C /* Frameworks */,
				5C448A111B16DB78001DBE6C /* Resources */,
			);
			buildRules = (
			);
			dependencies = (
				5C448A151B16DB78001DBE6C /* PBXTargetDependency */,
			);
			name = SearchBrowserTests;
			productName = SearchBrowserTests;
			productReference = 5C448A131B16DB78001DBE6C /* SearchBrowserTests.xctest */;
			productType = "com.apple.product-type.bundle.unit-test";
		};
/* End PBXNativeTarget section */

/* Begin PBXProject section */
		5C4489F61B16DB78001DBE6C /* Project object */ = {
			isa = PBXProject;
			attributes = {
				LastUpgradeCheck = 0630;
				ORGANIZATIONNAME = "Matthew Piccolella";
				TargetAttributes = {
					5C4489FD1B16DB78001DBE6C = {
						CreatedOnToolsVersion = 6.3.1;
					};
					5C448A121B16DB78001DBE6C = {
						CreatedOnToolsVersion = 6.3.1;
						TestTargetID = 5C4489FD1B16DB78001DBE6C;
					};
				};
			};
			buildConfigurationList = 5C4489F91B16DB78001DBE6C /* Build configuration list for PBXProject "SearchBrowser" */;
			compatibilityVersion = "Xcode 3.2";
			developmentRegion = English;
			hasScannedForEncodings = 0;
			knownRegions = (
				en,
				Base,
			);
			mainGroup = 5C4489F51B16DB78001DBE6C;
			productRefGroup = 5C4489FF1B16DB78001DBE6C /* Products */;
			projectDirPath = "";
			projectRoot = "";
			targets = (
				5C4489FD1B16DB78001DBE6C /* SearchBrowser */,
				5C448A121B16DB78001DBE6C /* SearchBrowserTests */,
			);
		};
/* End PBXProject section */

/* Begin PBXResourcesBuildPhase section */
		5C4489FC1B16DB78001DBE6C /* Resources */ = {
			isa = PBXResourcesBuildPhase;
			buildActionMask = 2147483647;
			files = (
				5C448A091B16DB78001DBE6C /* Main.storyboard in Resources */,
				5C448A0E1B16DB78001DBE6C /* LaunchScreen.xib in Resources */,
				5C448A0B1B16DB78001DBE6C /* Images.xcassets in Resources */,
			);
			runOnlyForDeploymentPostprocessing = 0;
		};
		5C448A111B16DB78001DBE6C /* Resources */ = {
			isa = PBXResourcesBuildPhase;
			buildActionMask = 2147483647;
			files = (
			);
			runOnlyForDeploymentPostprocessing = 0;
		};
/* End PBXResourcesBuildPhase section */

/* Begin PBXSourcesBuildPhase section */
		5C4489FA1B16DB78001DBE6C /* Sources */ = {
			isa = PBXSourcesBuildPhase;
			buildActionMask = 2147483647;
			files = (
				5C448A061B16DB78001DBE6C /* ViewController.swift in Sources */,
				5C448A041B16DB78001DBE6C /* AppDelegate.swift in Sources */,
			);
			runOnlyForDeploymentPostprocessing = 0;
		};
		5C448A0F1B16DB78001DBE6C /* Sources */ = {
			isa = PBXSourcesBuildPhase;
			buildActionMask = 2147483647;
			files = (
				5C448A1A1B16DB78001DBE6C /* SearchBrowserTests.swift in Sources */,
			);
			runOnlyForDeploymentPostprocessing = 0;
		};
/* End PBXSourcesBuildPhase section */

/* Begin PBXTargetDependency section */
		5C448A151B16DB78001DBE6C /* PBXTargetDependency */ = {
			isa = PBXTargetDependency;
			target = 5C4489FD1B16DB78001DBE6C /* SearchBrowser */;
			targetProxy = 5C448A141B16DB78001DBE6C /* PBXContainerItemProxy */;
		};
/* End PBXTargetDependency section */

/* Begin PBXVariantGroup section */
		5C448A071B16DB78001DBE6C /* Main.storyboard */ = {
			isa = PBXVariantGroup;
			children = (
				5C448A081B16DB78001DBE6C /* Base */,
			);
			name = Main.storyboard;
			sourceTree = "<group>";
		};
		5C448A0C1B16DB78001DBE6C /* LaunchScreen.xib */ = {
			isa = PBXVariantGroup;
			children = (
				5C448A0D1B16DB78001DBE6C /* Base */,
			);
			name = LaunchScreen.xib;
			sourceTree = "<group>";
		};
/* End PBXVariantGroup section */

/* Begin XCBuildConfiguration section */
		5C448A1B1B16DB78001DBE6C /* Debug */ = {
			isa = XCBuildConfiguration;
			buildSettings = {
				ALWAYS_SEARCH_USER_PATHS = NO;
				CLANG_CXX_LANGUAGE_STANDARD = "gnu++0x";
				CLANG_CXX_LIBRARY = "libc++";
				CLANG_ENABLE_MODULES = YES;
				CLANG_ENABLE_OBJC_ARC = YES;
				CLANG_WARN_BOOL_CONVERSION = YES;
				CLANG_WARN_CONSTANT_CONVERSION = YES;
				CLANG_WARN_DIRECT_OBJC_ISA_USAGE = YES_ERROR;
				CLANG_WARN_EMPTY_BODY = YES;
				CLANG_WARN_ENUM_CONVERSION = YES;
				CLANG_WARN_INT_CONVERSION = YES;
				CLANG_WARN_OBJC_ROOT_CLASS = YES_ERROR;
				CLANG_WARN_UNREACHABLE_CODE = YES;
				CLANG_WARN__DUPLICATE_METHOD_MATCH = YES;
				"CODE_SIGN_IDENTITY[sdk=iphoneos*]" = "iPhone Developer";
				COPY_PHASE_STRIP = NO;
				DEBUG_INFORMATION_FORMAT = "dwarf-with-dsym";
				ENABLE_STRICT_OBJC_MSGSEND = YES;
				GCC_C_LANGUAGE_STANDARD = gnu99;
				GCC_DYNAMIC_NO_PIC = NO;
				GCC_NO_COMMON_BLOCKS = YES;
				GCC_OPTIMIZATION_LEVEL = 0;
				GCC_PREPROCESSOR_DEFINITIONS = (
					"DEBUG=1",
					"$(inherited)",
				);
				GCC_SYMBOLS_PRIVATE_EXTERN = NO;
				GCC_WARN_64_TO_32_BIT_CONVERSION = YES;
				GCC_WARN_ABOUT_RETURN_TYPE = YES_ERROR;
				GCC_WARN_UNDECLARED_SELECTOR = YES;
				GCC_WARN_UNINITIALIZED_AUTOS = YES_AGGRESSIVE;
				GCC_WARN_UNUSED_FUNCTION = YES;
				GCC_WARN_UNUSED_VARIABLE = YES;
				IPHONEOS_DEPLOYMENT_TARGET = 8.3;
				MTL_ENABLE_DEBUG_INFO = YES;
				ONLY_ACTIVE_ARCH = YES;
				SDKROOT = iphoneos;
				SWIFT_OPTIMIZATION_LEVEL = "-Onone";
				TARGETED_DEVICE_FAMILY = "1,2";
			};
			name = Debug;
		};
		5C448A1C1B16DB78001DBE6C /* Release */ = {
			isa = XCBuildConfiguration;
			buildSettings = {
				ALWAYS_SEARCH_USER_PATHS = NO;
				CLANG_CXX_LANGUAGE_STANDARD = "gnu++0x";
				CLANG_CXX_LIBRARY = "libc++";
				CLANG_ENABLE_MODULES = YES;
				CLANG_ENABLE_OBJC_ARC = YES;
				CLANG_WARN_BOOL_CONVERSION = YES;
				CLANG_WARN_CONSTANT_CONVERSION = YES;
				CLANG_WARN_DIRECT_OBJC_ISA_USAGE = YES_ERROR;
				CLANG_WARN_EMPTY_BODY = YES;
				CLANG_WARN_ENUM_CONVERSION = YES;
				CLANG_WARN_INT_CONVERSION = YES;
				CLANG_WARN_OBJC_ROOT_CLASS = YES_ERROR;
				CLANG_WARN_UNREACHABLE_CODE = YES;
				CLANG_WARN__DUPLICATE_METHOD_MATCH = YES;
				"CODE_SIGN_IDENTITY[sdk=iphoneos*]" = "iPhone Developer";
				COPY_PHASE_STRIP = NO;
				DEBUG_INFORMATION_FORMAT = "dwarf-with-dsym";
				ENABLE_NS_ASSERTIONS = NO;
				ENABLE_STRICT_OBJC_MSGSEND = YES;
				GCC_C_LANGUAGE_STANDARD = gnu99;
				GCC_NO_COMMON_BLOCKS = YES;
				GCC_WARN_64_TO_32_BIT_CONVERSION = YES;
				GCC_WARN_ABOUT_RETURN_TYPE = YES_ERROR;
				GCC_WARN_UNDECLARED_SELECTOR = YES;
				GCC_WARN_UNINITIALIZED_AUTOS = YES_AGGRESSIVE;
				GCC_WARN_UNUSED_FUNCTION = YES;
				GCC_WARN_UNUSED_VARIABLE = YES;
				IPHONEOS_DEPLOYMENT_TARGET = 8.3;
				MTL_ENABLE_DEBUG_INFO = NO;
				SDKROOT = iphoneos;
				TARGETED_DEVICE_FAMILY = "1,2";
				VALIDATE_PRODUCT = YES;
			};
			name = Release;
		};
		5C448A1E1B16DB78001DBE6C /* Debug */ = {
			isa = XCBuildConfiguration;
			buildSettings = {
				ASSETCATALOG_COMPILER_APPICON_NAME = AppIcon;
				INFOPLIST_FILE = SearchBrowser/Info.plist;
				LD_RUNPATH_SEARCH_PATHS = "$(inherited) @executable_path/Frameworks";
				PRODUCT_NAME = "$(TARGET_NAME)";
			};
			name = Debug;
		};
		5C448A1F1B16DB78001DBE6C /* Release */ = {
			isa = XCBuildConfiguration;
			buildSettings = {
				ASSETCATALOG_COMPILER_APPICON_NAME = AppIcon;
				INFOPLIST_FILE = SearchBrowser/Info.plist;
				LD_RUNPATH_SEARCH_PATHS = "$(inherited) @executable_path/Frameworks";
				PRODUCT_NAME = "$(TARGET_NAME)";
			};
			name = Release;
		};
		5C448A211B16DB78001DBE6C /* Debug */ = {
			isa = XCBuildConfiguration;
			buildSettings = {
				BUNDLE_LOADER = "$(TEST_HOST)";
				FRAMEWORK_SEARCH_PATHS = (
					"$(SDKROOT)/Developer/Library/Frameworks",
					"$(inherited)",
				);
				GCC_PREPROCESSOR_DEFINITIONS = (
					"DEBUG=1",
					"$(inherited)",
				);
				INFOPLIST_FILE = SearchBrowserTests/Info.plist;
				LD_RUNPATH_SEARCH_PATHS = "$(inherited) @executable_path/Frameworks @loader_path/Frameworks";
				PRODUCT_NAME = "$(TARGET_NAME)";
				TEST_HOST = "$(BUILT_PRODUCTS_DIR)/SearchBrowser.app/SearchBrowser";
			};
			name = Debug;
		};
		5C448A221B16DB78001DBE6C /* Release */ = {
			isa = XCBuildConfiguration;
			buildSettings = {
				BUNDLE_LOADER = "$(TEST_HOST)";
				FRAMEWORK_SEARCH_PATHS = (
					"$(SDKROOT)/Developer/Library/Frameworks",
					"$(inherited)",
				);
				INFOPLIST_FILE = SearchBrowserTests/Info.plist;
				LD_RUNPATH_SEARCH_PATHS = "$(inherited) @executable_path/Frameworks @loader_path/Frameworks";
				PRODUCT_NAME = "$(TARGET_NAME)";
				TEST_HOST = "$(BUILT_PRODUCTS_DIR)/SearchBrowser.app/SearchBrowser";
			};
			name = Release;
		};
/* End XCBuildConfiguration section */

/* Begin XCConfigurationList section */
		5C4489F91B16DB78001DBE6C /* Build configuration list for PBXProject "SearchBrowser" */ = {
			isa = XCConfigurationList;
			buildConfigurations = (
				5C448A1B1B16DB78001DBE6C /* Debug */,
				5C448A1C1B16DB78001DBE6C /* Release */,
			);
			defaultConfigurationIsVisible = 0;
			defaultConfigurationName = Release;
		};
		5C448A1D1B16DB78001DBE6C /* Build configuration list for PBXNativeTarget "SearchBrowser" */ = {
			isa = XCConfigurationList;
			buildConfigurations = (
				5C448A1E1B16DB78001DBE6C /* Debug */,
				5C448A1F1B16DB78001DBE6C /* Release */,
			);
			defaultConfigurationIsVisible = 0;
		};
		5C448A201B16DB78001DBE6C /* Build configuration list for PBXNativeTarget "SearchBrowserTests" */ = {
			isa = XCConfigurationList;
			buildConfigurations = (
				5C448A211B16DB78001DBE6C /* Debug */,
				5C448A221B16DB78001DBE6C /* Release */,
			);
			defaultConfigurationIsVisible = 0;
		};
/* End XCConfigurationList section */
	};
	rootObject = 5C4489F61B16DB78001DBE6C /* Project object */;
}
